<?xml version="1.0" encoding="utf-8"?>
<Project ToolsVersion="4.0" xmlns="http://schemas.microsoft.com/developer/msbuild/2003">
  <ItemGroup>
    <Filter Include="Source Files">
      <UniqueIdentifier>{4FC737F1-C7A5-4376-A066-2A32D752A2FF}</UniqueIdentifier>
      <Extensions>cpp;c;cc;cxx;def;odl;idl;hpj;bat;asm;asmx</Extensions>
    </Filter>
    <Filter Include="Header Files">
      <UniqueIdentifier>{93995380-89BD-4b04-88EB-625FBE52EBFB}</UniqueIdentifier>
      <Extensions>h;hh;hpp;hxx;hm;inl;inc;ipp;xsd</Extensions>
    </Filter>
    <Filter Include="Resource Files">
      <UniqueIdentifier>{67DA6AB6-F800-4c08-8B7A-83BB121AAD01}</UniqueIdentifier>
      <Extensions>rc;ico;cur;bmp;dlg;rc2;rct;bin;rgs;gif;jpg;jpeg;jpe;resx;tiff;tif;png;wav;mfcribbon-ms</Extensions>
    </Filter>
    <Filter Include="Source Files\util">
      <UniqueIdentifier>{bf8ef0a6-f894-40b3-b47b-4e0d71311a52}</UniqueIdentifier>
    </Filter>
    <Filter Include="Header Files\util">
      <UniqueIdentifier>{30afd5de-d825-4643-b126-b5c1a47e718e}</UniqueIdentifier>
    </Filter>
    <Filter Include="Source Files\graphics">
      <UniqueIdentifier>{0a079796-2581-460f-b266-3847bd5aa75e}</UniqueIdentifier>
    </Filter>
    <Filter Include="Header Files\graphics">
      <UniqueIdentifier>{2fc1c52b-67bd-4939-ae55-e7639ef07f2d}</UniqueIdentifier>
    </Filter>
    <Filter Include="Source Files\game">
      <UniqueIdentifier>{69bde715-6f8a-4d89-8263-27aa782d425f}</UniqueIdentifier>
    </Filter>
    <Filter Include="Header Files\game">
      <UniqueIdentifier>{1175afa9-2840-4e2b-9a79-8374834c9ea0}</UniqueIdentifier>
    </Filter>
    <Filter Include="Source Files\game\entity">
      <UniqueIdentifier>{f2a8cd54-3e7e-4131-9977-37cbf721e8b7}</UniqueIdentifier>
    </Filter>
    <Filter Include="Source Files\game\core">
      <UniqueIdentifier>{d353dd2b-27e0-482c-b97e-cafb3bc7f2fc}</UniqueIdentifier>
    </Filter>
    <Filter Include="Header Files\game\entity">
      <UniqueIdentifier>{7176520a-ff98-48f6-8b92-3b0c1392fc1a}</UniqueIdentifier>
    </Filter>
    <Filter Include="Header Files\game\core">
      <UniqueIdentifier>{ad1bbf19-8942-4164-9901-74b1da2ac7d0}</UniqueIdentifier>
    </Filter>
  </ItemGroup>
  <ItemGroup>
    <ClCompile Include="main.cpp">
      <Filter>Source Files</Filter>
    </ClCompile>
    <ClCompile Include="..\..\..\..\Libraries\glad\src\glad.c">
      <Filter>Source Files</Filter>
    </ClCompile>
    <ClCompile Include="file_util.cpp">
      <Filter>Source Files\util</Filter>
    </ClCompile>
    <ClCompile Include="renderer.cpp">
      <Filter>Source Files\graphics</Filter>
    </ClCompile>
    <ClCompile Include="graphics_util.cpp">
      <Filter>Source Files\util</Filter>
    </ClCompile>
    <ClCompile Include="stb_image.cpp">
      <Filter>Source Files\util</Filter>
    </ClCompile>
    <ClCompile Include="game.cpp">
      <Filter>Source Files\game</Filter>
    </ClCompile>
    <ClCompile Include="player.cpp">
      <Filter>Source Files\game\entity</Filter>
    </ClCompile>
    <ClCompile Include="chunk.cpp">
      <Filter>Source Files\game\core</Filter>
    </ClCompile>
    <ClCompile Include="cube.cpp">
      <Filter>Source Files\game\core</Filter>
    </ClCompile>
    <ClCompile Include="camera.cpp">
      <Filter>Source Files\game\core</Filter>
    </ClCompile>
  </ItemGroup>
  <ItemGroup>
    <ClInclude Include="file_util.h">
      <Filter>Header Files\util</Filter>
    </ClInclude>
    <ClInclude Include="renderer.h">
      <Filter>Header Files\graphics</Filter>
    </ClInclude>
    <ClInclude Include="graphics_util.h">
      <Filter>Header Files\util</Filter>
    </ClInclude>
    <ClInclude Include="stb_image.h">
      <Filter>Header Files\util</Filter>
    </ClInclude>
    <ClInclude Include="game.h">
      <Filter>Header Files\game</Filter>
    </ClInclude>
    <ClInclude Include="chunk.h">
      <Filter>Header Files\game\core</Filter>
    </ClInclude>
    <ClInclude Include="cube.h">
      <Filter>Header Files\game\core</Filter>
    </ClInclude>
    <ClInclude Include="face.h">
      <Filter>Header Files\game\core</Filter>
    </ClInclude>
    <ClInclude Include="player.h">
      <Filter>Header Files\game\entity</Filter>
    </ClInclude>
    <ClInclude Include="camera.h">
      <Filter>Header Files\game\core</Filter>
    </ClInclude>
  </ItemGroup>
  <ItemGroup>
    <None Include="shader.vert">
      <Filter>Resource Files</Filter>
    </None>
    <None Include="shader.frag">
      <Filter>Resource Files</Filter>
    </None>
  </ItemGroup>
  <ItemGroup>
    <Image Include="grass.png">
      <Filter>Resource Files</Filter>
    </Image>
  </ItemGroup>
</Project>